
Microsoft Visual Studio Solution File, Format Version 12.00
# Visual Studio Version 17
VisualStudioVersion = 17.5.33424.131
MinimumVisualStudioVersion = 10.0.40219.1
Project("{FAE04EC0-301F-11D3-BF4B-00C04F79EFBC}") = "AMSEMS", "AMSEMS\AMSEMS.csproj", "{C676DD14-8F5A-45E3-AE08-F46709A5F3A8}"
EndProject
Project("{FAE04EC0-301F-11D3-BF4B-00C04F79EFBC}") = "AMSEMS_Attendance_Checker", "AMSEMS_Attendance_Checker\AMSEMS_Attendance_Checker.csproj", "{52E5B991-F108-453D-AB2D-658EA0D33782}"
EndProject
Project("{54435603-DBB4-11D2-8724-00A0C9A8B90C}") = "Amsems_Setup", "Amsems_Setup\Amsems_Setup.vdproj", "{0496F0BE-F407-473A-837A-A94B687935D2}"
EndProject
Project("{54435603-DBB4-11D2-8724-00A0C9A8B90C}") = "AMSEMS_Attendance_Checker_setup", "AMSEMS_Attendance_Checker_setup\AMSEMS_Attendance_Checker_setup.vdproj", "{FB575CA2-9354-48B8-8685-7D41552F7AC8}"
EndProject
Project("{54435603-DBB4-11D2-8724-00A0C9A8B90C}") = "Amsems_Fonts", "Amsems_Fonts\Amsems_Fonts.vdproj", "{F6E396B7-BB6F-4288-89F1-439D772A29CF}"
EndProject
Global
	GlobalSection(SolutionConfigurationPlatforms) = preSolution
		Debug|Any CPU = Debug|Any CPU
		Release|Any CPU = Release|Any CPU
	EndGlobalSection
	GlobalSection(ProjectConfigurationPlatforms) = postSolution
		{C676DD14-8F5A-45E3-AE08-F46709A5F3A8}.Debug|Any CPU.ActiveCfg = Debug|Any CPU
		{C676DD14-8F5A-45E3-AE08-F46709A5F3A8}.Debug|Any CPU.Build.0 = Debug|Any CPU
		{C676DD14-8F5A-45E3-AE08-F46709A5F3A8}.Release|Any CPU.ActiveCfg = Release|Any CPU
		{C676DD14-8F5A-45E3-AE08-F46709A5F3A8}.Release|Any CPU.Build.0 = Release|Any CPU
		{52E5B991-F108-453D-AB2D-658EA0D33782}.Debug|Any CPU.ActiveCfg = Debug|Any CPU
		{52E5B991-F108-453D-AB2D-658EA0D33782}.Debug|Any CPU.Build.0 = Debug|Any CPU
		{52E5B991-F108-453D-AB2D-658EA0D33782}.Release|Any CPU.ActiveCfg = Release|Any CPU
		{52E5B991-F108-453D-AB2D-658EA0D33782}.Release|Any CPU.Build.0 = Release|Any CPU
		{0496F0BE-F407-473A-837A-A94B687935D2}.Debug|Any CPU.ActiveCfg = Debug
		{0496F0BE-F407-473A-837A-A94B687935D2}.Release|Any CPU.ActiveCfg = Release
		{FB575CA2-9354-48B8-8685-7D41552F7AC8}.Debug|Any CPU.ActiveCfg = Debug
		{FB575CA2-9354-48B8-8685-7D41552F7AC8}.Release|Any CPU.ActiveCfg = Release
		{F6E396B7-BB6F-4288-89F1-439D772A29CF}.Debug|Any CPU.ActiveCfg = Debug
		{F6E396B7-BB6F-4288-89F1-439D772A29CF}.Release|Any CPU.ActiveCfg = Release
	EndGlobalSection
	GlobalSection(SolutionProperties) = preSolution
		HideSolutionNode = FALSE
	EndGlobalSection
	GlobalSection(ExtensibilityGlobals) = postSolution
		SolutionGuid = {6F9FD22D-9B6B-4270-A500-5E43E76FEAA4}
	EndGlobalSection
EndGlobal
